
Microsoft Visual Studio Solution File, Format Version 12.00
# Visual Studio Version 17
VisualStudioVersion = 17.7.34024.191
MinimumVisualStudioVersion = 10.0.40219.1
Project("{FAE04EC0-301F-11D3-BF4B-00C04F79EFBC}") = "shapes", "shapes\shapes.csproj", "{6C2715D0-58D9-4E0B-89DE-B8FF306F3565}"
EndProject
Global
	GlobalSection(SolutionConfigurationPlatforms) = preSolution
		Debug|Any CPU = Debug|Any CPU
		Release|Any CPU = Release|Any CPU
	EndGlobalSection
	GlobalSection(ProjectConfigurationPlatforms) = postSolution
		{6C2715D0-58D9-4E0B-89DE-B8FF306F3565}.Debug|Any CPU.ActiveCfg = Debug|Any CPU
		{6C2715D0-58D9-4E0B-89DE-B8FF306F3565}.Debug|Any CPU.Build.0 = Debug|Any CPU
		{6C2715D0-58D9-4E0B-89DE-B8FF306F3565}.Release|Any CPU.ActiveCfg = Release|Any CPU
		{6C2715D0-58D9-4E0B-89DE-B8FF306F3565}.Release|Any CPU.Build.0 = Release|Any CPU
	EndGlobalSection
	GlobalSection(SolutionProperties) = preSolution
		HideSolutionNode = FALSE
	EndGlobalSection
	GlobalSection(ExtensibilityGlobals) = postSolution
		SolutionGuid = {6B37E163-F987-4436-831E-E1CD09019684}
	EndGlobalSection
EndGlobal
